
Microsoft Visual Studio Solution File, Format Version 12.00
# Visual Studio Version 17
VisualStudioVersion = 17.1.32210.238
MinimumVisualStudioVersion = 10.0.40219.1
Project("{FAE04EC0-301F-11D3-BF4B-00C04F79EFBC}") = "Livraria.Dominio", "Livraria.Dominio\Livraria.Dominio.csproj", "{7195828C-2770-4AA8-8254-B7BFE062FD5F}"
EndProject
Project("{2150E333-8FDC-42A3-9474-1A3956D46DE8}") = "src", "src", "{6D4C6FDF-4064-47EA-BCD1-C04A032AE58E}"
EndProject
Project("{FAE04EC0-301F-11D3-BF4B-00C04F79EFBC}") = "Livraria.ConsoleApp", "Livraria.ConsoleApp\Livraria.ConsoleApp.csproj", "{E60AB34D-FD3C-46D8-8957-83FDD8AC4C58}"
EndProject
Global
	GlobalSection(SolutionConfigurationPlatforms) = preSolution
		Debug|Any CPU = Debug|Any CPU
		Release|Any CPU = Release|Any CPU
	EndGlobalSection
	GlobalSection(ProjectConfigurationPlatforms) = postSolution
		{7195828C-2770-4AA8-8254-B7BFE062FD5F}.Debug|Any CPU.ActiveCfg = Debug|Any CPU
		{7195828C-2770-4AA8-8254-B7BFE062FD5F}.Debug|Any CPU.Build.0 = Debug|Any CPU
		{7195828C-2770-4AA8-8254-B7BFE062FD5F}.Release|Any CPU.ActiveCfg = Release|Any CPU
		{7195828C-2770-4AA8-8254-B7BFE062FD5F}.Release|Any CPU.Build.0 = Release|Any CPU
		{E60AB34D-FD3C-46D8-8957-83FDD8AC4C58}.Debug|Any CPU.ActiveCfg = Debug|Any CPU
		{E60AB34D-FD3C-46D8-8957-83FDD8AC4C58}.Debug|Any CPU.Build.0 = Debug|Any CPU
		{E60AB34D-FD3C-46D8-8957-83FDD8AC4C58}.Release|Any CPU.ActiveCfg = Release|Any CPU
		{E60AB34D-FD3C-46D8-8957-83FDD8AC4C58}.Release|Any CPU.Build.0 = Release|Any CPU
	EndGlobalSection
	GlobalSection(SolutionProperties) = preSolution
		HideSolutionNode = FALSE
	EndGlobalSection
	GlobalSection(NestedProjects) = preSolution
		{7195828C-2770-4AA8-8254-B7BFE062FD5F} = {6D4C6FDF-4064-47EA-BCD1-C04A032AE58E}
		{E60AB34D-FD3C-46D8-8957-83FDD8AC4C58} = {6D4C6FDF-4064-47EA-BCD1-C04A032AE58E}
	EndGlobalSection
	GlobalSection(ExtensibilityGlobals) = postSolution
		SolutionGuid = {61801972-A040-45D5-9927-D8C426E6A4E0}
	EndGlobalSection
EndGlobal
